
Microsoft Visual Studio Solution File, Format Version 12.00
# Visual Studio 14
VisualStudioVersion = 14.0.24720.0
MinimumVisualStudioVersion = 10.0.40219.1
Project("{2150E333-8FDC-42A3-9474-1A3956D46DE8}") = "src", "src", "{BD06EAAF-6F0D-41E8-AD74-D0B87049EAE8}"
EndProject
Project("{2150E333-8FDC-42A3-9474-1A3956D46DE8}") = "Solution Items", "Solution Items", "{DF8DB337-B3DE-475E-9933-D01E127A78D4}"
	ProjectSection(SolutionItems) = preProject
		global.json = global.json
	EndProjectSection
EndProject
Project("{8BB2217D-0F2D-49D1-97BC-3654ED321F3B}") = "TodoApp", "src\TodoApp\TodoApp.xproj", "{7B0777C0-CC04-4E3D-BD9C-2E719BDB69D3}"
EndProject
Global
	GlobalSection(SolutionConfigurationPlatforms) = preSolution
		Debug|Any CPU = Debug|Any CPU
		Release|Any CPU = Release|Any CPU
	EndGlobalSection
	GlobalSection(ProjectConfigurationPlatforms) = postSolution
		{7B0777C0-CC04-4E3D-BD9C-2E719BDB69D3}.Debug|Any CPU.ActiveCfg = Debug|Any CPU
		{7B0777C0-CC04-4E3D-BD9C-2E719BDB69D3}.Debug|Any CPU.Build.0 = Debug|Any CPU
		{7B0777C0-CC04-4E3D-BD9C-2E719BDB69D3}.Release|Any CPU.ActiveCfg = Release|Any CPU
		{7B0777C0-CC04-4E3D-BD9C-2E719BDB69D3}.Release|Any CPU.Build.0 = Release|Any CPU
	EndGlobalSection
	GlobalSection(SolutionProperties) = preSolution
		HideSolutionNode = FALSE
	EndGlobalSection
	GlobalSection(NestedProjects) = preSolution
		{7B0777C0-CC04-4E3D-BD9C-2E719BDB69D3} = {BD06EAAF-6F0D-41E8-AD74-D0B87049EAE8}
	EndGlobalSection
EndGlobal
